
Microsoft Visual Studio Solution File, Format Version 12.00
# Visual Studio Version 17
VisualStudioVersion = 17.8.34525.116
MinimumVisualStudioVersion = 10.0.40219.1
Project("{FAE04EC0-301F-11D3-BF4B-00C04F79EFBC}") = "OrganizationChartMIS", "OrganizationChartMIS.csproj", "{1D120001-702B-40A9-8DA4-618D6413FEAE}"
EndProject
Global
	GlobalSection(SolutionConfigurationPlatforms) = preSolution
		Debug|Any CPU = Debug|Any CPU
		Release|Any CPU = Release|Any CPU
	EndGlobalSection
	GlobalSection(ProjectConfigurationPlatforms) = postSolution
		{1D120001-702B-40A9-8DA4-618D6413FEAE}.Debug|Any CPU.ActiveCfg = Debug|Any CPU
		{1D120001-702B-40A9-8DA4-618D6413FEAE}.Debug|Any CPU.Build.0 = Debug|Any CPU
		{1D120001-702B-40A9-8DA4-618D6413FEAE}.Release|Any CPU.ActiveCfg = Release|Any CPU
		{1D120001-702B-40A9-8DA4-618D6413FEAE}.Release|Any CPU.Build.0 = Release|Any CPU
	EndGlobalSection
	GlobalSection(SolutionProperties) = preSolution
		HideSolutionNode = FALSE
	EndGlobalSection
	GlobalSection(ExtensibilityGlobals) = postSolution
		SolutionGuid = {EB0F2623-D697-4E5C-87F8-758F6C36F131}
	EndGlobalSection
EndGlobal
